// !$*UTF8*$!
{
	archiveVersion = 1;
	classes = {
	};
	objectVersion = 50;
	objects = {

/* Begin PBXBuildFile section */
		EE794468256D76D30046363E /* AppDelegate.m in Sources */ = {isa = PBXBuildFile; fileRef = EE794467256D76D30046363E /* AppDelegate.m */; };
		EE79446A256D76D50046363E /* Assets.xcassets in Resources */ = {isa = PBXBuildFile; fileRef = EE794469256D76D50046363E /* Assets.xcassets */; };
		EE79446D256D76D50046363E /* MainMenu.xib in Resources */ = {isa = PBXBuildFile; fileRef = EE79446B256D76D50046363E /* MainMenu.xib */; };
		EE794470256D76D50046363E /* main.m in Sources */ = {isa = PBXBuildFile; fileRef = EE79446F256D76D50046363E /* main.m */; };
		EE79447B256D79220046363E /* SpriteGridView.m in Sources */ = {isa = PBXBuildFile; fileRef = EE79447A256D79220046363E /* SpriteGridView.m */; };
		EE79447E256D7B330046363E /* SpriteGrid.m in Sources */ = {isa = PBXBuildFile; fileRef = EE79447D256D7B330046363E /* SpriteGrid.m */; };
/* End PBXBuildFile section */

/* Begin PBXFileReference section */
		EE794463256D76D30046363E /* gzvgaSpriteEd.app */ = {isa = PBXFileReference; explicitFileType = wrapper.application; includeInIndex = 0; path = gzvgaSpriteEd.app; sourceTree = BUILT_PRODUCTS_DIR; };
		EE794466256D76D30046363E /* AppDelegate.h */ = {isa = PBXFileReference; lastKnownFileType = sourcecode.c.h; path = AppDelegate.h; sourceTree = "<group>"; };
		EE794467256D76D30046363E /* AppDelegate.m */ = {isa = PBXFileReference; lastKnownFileType = sourcecode.c.objc; path = AppDelegate.m; sourceTree = "<group>"; };
		EE794469256D76D50046363E /* Assets.xcassets */ = {isa = PBXFileReference; lastKnownFileType = folder.assetcatalog; path = Assets.xcassets; sourceTree = "<group>"; };
		EE79446C256D76D50046363E /* Base */ = {isa = PBXFileReference; lastKnownFileType = file.xib; name = Base; path = Base.lproj/MainMenu.xib; sourceTree = "<group>"; };
		EE79446E256D76D50046363E /* Info.plist */ = {isa = PBXFileReference; lastKnownFileType = text.plist.xml; path = Info.plist; sourceTree = "<group>"; };
		EE79446F256D76D50046363E /* main.m */ = {isa = PBXFileReference; lastKnownFileType = sourcecode.c.objc; path = main.m; sourceTree = "<group>"; };
		EE794471256D76D50046363E /* gzvgaSpriteEd.entitlements */ = {isa = PBXFileReference; lastKnownFileType = text.plist.entitlements; path = gzvgaSpriteEd.entitlements; sourceTree = "<group>"; };
		EE794479256D79220046363E /* SpriteGridView.h */ = {isa = PBXFileReference; lastKnownFileType = sourcecode.c.h; path = SpriteGridView.h; sourceTree = "<group>"; };
		EE79447A256D79220046363E /* SpriteGridView.m */ = {isa = PBXFileReference; lastKnownFileType = sourcecode.c.objc; path = SpriteGridView.m; sourceTree = "<group>"; };
		EE79447C256D7B330046363E /* SpriteGrid.h */ = {isa = PBXFileReference; lastKnownFileType = sourcecode.c.h; path = SpriteGrid.h; sourceTree = "<group>"; };
		EE79447D256D7B330046363E /* SpriteGrid.m */ = {isa = PBXFileReference; lastKnownFileType = sourcecode.c.objc; path = SpriteGrid.m; sourceTree = "<group>"; };
/* End PBXFileReference section */

/* Begin PBXFrameworksBuildPhase section */
		EE794460256D76D30046363E /* Frameworks */ = {
			isa = PBXFrameworksBuildPhase;
			buildActionMask = 2147483647;
			files = (
			);
			runOnlyForDeploymentPostprocessing = 0;
		};
/* End PBXFrameworksBuildPhase section */

/* Begin PBXGroup section */
		EE79445A256D76D30046363E = {
			isa = PBXGroup;
			children = (
				EE794465256D76D30046363E /* gzvgaSpriteEd */,
				EE794464256D76D30046363E /* Products */,
			);
			sourceTree = "<group>";
		};
		EE794464256D76D30046363E /* Products */ = {
			isa = PBXGroup;
			children = (
				EE794463256D76D30046363E /* gzvgaSpriteEd.app */,
			);
			name = Products;
			sourceTree = "<group>";
		};
		EE794465256D76D30046363E /* gzvgaSpriteEd */ = {
			isa = PBXGroup;
			children = (
				EE794466256D76D30046363E /* AppDelegate.h */,
				EE794467256D76D30046363E /* AppDelegate.m */,
				EE794469256D76D50046363E /* Assets.xcassets */,
				EE79446B256D76D50046363E /* MainMenu.xib */,
				EE79446E256D76D50046363E /* Info.plist */,
				EE79446F256D76D50046363E /* main.m */,
				EE794471256D76D50046363E /* gzvgaSpriteEd.entitlements */,
				EE794479256D79220046363E /* SpriteGridView.h */,
				EE79447A256D79220046363E /* SpriteGridView.m */,
				EE79447C256D7B330046363E /* SpriteGrid.h */,
				EE79447D256D7B330046363E /* SpriteGrid.m */,
			);
			path = gzvgaSpriteEd;
			sourceTree = "<group>";
		};
/* End PBXGroup section */

/* Begin PBXNativeTarget section */
		EE794462256D76D30046363E /* gzvgaSpriteEd */ = {
			isa = PBXNativeTarget;
			buildConfigurationList = EE794474256D76D50046363E /* Build configuration list for PBXNativeTarget "gzvgaSpriteEd" */;
			buildPhases = (
				EE79445F256D76D30046363E /* Sources */,
				EE794460256D76D30046363E /* Frameworks */,
				EE794461256D76D30046363E /* Resources */,
			);
			buildRules = (
			);
			dependencies = (
			);
			name = gzvgaSpriteEd;
			productName = gzvgaSpriteEd;
			productReference = EE794463256D76D30046363E /* gzvgaSpriteEd.app */;
			productType = "com.apple.product-type.application";
		};
/* End PBXNativeTarget section */

/* Begin PBXProject section */
		EE79445B256D76D30046363E /* Project object */ = {
			isa = PBXProject;
			attributes = {
				LastUpgradeCheck = 1010;
				ORGANIZATIONNAME = "Janis Dancis";
				TargetAttributes = {
					EE794462256D76D30046363E = {
						CreatedOnToolsVersion = 10.1;
					};
				};
			};
			buildConfigurationList = EE79445E256D76D30046363E /* Build configuration list for PBXProject "gzvgaSpriteEd" */;
			compatibilityVersion = "Xcode 9.3";
			developmentRegion = en;
			hasScannedForEncodings = 0;
			knownRegions = (
				en,
				Base,
			);
			mainGroup = EE79445A256D76D30046363E;
			productRefGroup = EE794464256D76D30046363E /* Products */;
			projectDirPath = "";
			projectRoot = "";
			targets = (
				EE794462256D76D30046363E /* gzvgaSpriteEd */,
			);
		};
/* End PBXProject section */

/* Begin PBXResourcesBuildPhase section */
		EE794461256D76D30046363E /* Resources */ = {
			isa = PBXResourcesBuildPhase;
			buildActionMask = 2147483647;
			files = (
				EE79446A256D76D50046363E /* Assets.xcassets in Resources */,
				EE79446D256D76D50046363E /* MainMenu.xib in Resources */,
			);
			runOnlyForDeploymentPostprocessing = 0;
		};
/* End PBXResourcesBuildPhase section */

/* Begin PBXSourcesBuildPhase section */
		EE79445F256D76D30046363E /* Sources */ = {
			isa = PBXSourcesBuildPhase;
			buildActionMask = 2147483647;
			files = (
				EE79447E256D7B330046363E /* SpriteGrid.m in Sources */,
				EE794470256D76D50046363E /* main.m in Sources */,
				EE79447B256D79220046363E /* SpriteGridView.m in Sources */,
				EE794468256D76D30046363E /* AppDelegate.m in Sources */,
			);
			runOnlyForDeploymentPostprocessing = 0;
		};
/* End PBXSourcesBuildPhase section */

/* Begin PBXVariantGroup section */
		EE79446B256D76D50046363E /* MainMenu.xib */ = {
			isa = PBXVariantGroup;
			children = (
				EE79446C256D76D50046363E /* Base */,
			);
			name = MainMenu.xib;
			sourceTree = "<group>";
		};
/* End PBXVariantGroup section */

/* Begin XCBuildConfiguration section */
		EE794472256D76D50046363E /* Debug */ = {
			isa = XCBuildConfiguration;
			buildSettings = {
				ALWAYS_SEARCH_USER_PATHS = NO;
				CLANG_ANALYZER_NONNULL = YES;
				CLANG_ANALYZER_NUMBER_OBJECT_CONVERSION = YES_AGGRESSIVE;
				CLANG_CXX_LANGUAGE_STANDARD = "gnu++14";
				CLANG_CXX_LIBRARY = "libc++";
				CLANG_ENABLE_MODULES = YES;
				CLANG_ENABLE_OBJC_ARC = YES;
				CLANG_ENABLE_OBJC_WEAK = YES;
				CLANG_WARN_BLOCK_CAPTURE_AUTORELEASING = YES;
				CLANG_WARN_BOOL_CONVERSION = YES;
				CLANG_WARN_COMMA = YES;
				CLANG_WARN_CONSTANT_CONVERSION = YES;
				CLANG_WARN_DEPRECATED_OBJC_IMPLEMENTATIONS = YES;
				CLANG_WARN_DIRECT_OBJC_ISA_USAGE = YES_ERROR;
				CLANG_WARN_DOCUMENTATION_COMMENTS = YES;
				CLANG_WARN_EMPTY_BODY = YES;
				CLANG_WARN_ENUM_CONVERSION = YES;
				CLANG_WARN_INFINITE_RECURSION = YES;
				CLANG_WARN_INT_CONVERSION = YES;
				CLANG_WARN_NON_LITERAL_NULL_CONVERSION = YES;
				CLANG_WARN_OBJC_IMPLICIT_RETAIN_SELF = YES;
				CLANG_WARN_OBJC_LITERAL_CONVERSION = YES;
				CLANG_WARN_OBJC_ROOT_CLASS = YES_ERROR;
				CLANG_WARN_RANGE_LOOP_ANALYSIS = YES;
				CLANG_WARN_STRICT_PROTOTYPES = YES;
				CLANG_WARN_SUSPICIOUS_MOVE = YES;
				CLANG_WARN_UNGUARDED_AVAILABILITY = YES_AGGRESSIVE;
				CLANG_WARN_UNREACHABLE_CODE = YES;
				CLANG_WARN__DUPLICATE_METHOD_MATCH = YES;
				CODE_SIGN_IDENTITY = "-";
				COPY_PHASE_STRIP = NO;
				DEBUG_INFORMATION_FORMAT = dwarf;
				ENABLE_STRICT_OBJC_MSGSEND = YES;
				ENABLE_TESTABILITY = YES;
				GCC_C_LANGUAGE_STANDARD = gnu11;
				GCC_DYNAMIC_NO_PIC = NO;
				GCC_NO_COMMON_BLOCKS = YES;
				GCC_OPTIMIZATION_LEVEL = 0;
				GCC_PREPROCESSOR_DEFINITIONS = (
					"DEBUG=1",
					"$(inherited)",
				);
				GCC_WARN_64_TO_32_BIT_CONVERSION = YES;
				GCC_WARN_ABOUT_RETURN_TYPE = YES_ERROR;
				GCC_WARN_UNDECLARED_SELECTOR = YES;
				GCC_WARN_UNINITIALIZED_AUTOS = YES_AGGRESSIVE;
				GCC_WARN_UNUSED_FUNCTION = YES;
				GCC_WARN_UNUSED_VARIABLE = YES;
				MACOSX_DEPLOYMENT_TARGET = 10.13;
				MTL_ENABLE_DEBUG_INFO = INCLUDE_SOURCE;
				MTL_FAST_MATH = YES;
				ONLY_ACTIVE_ARCH = YES;
				SDKROOT = macosx;
			};
			name = Debug;
		};
		EE794473256D76D50046363E /* Release */ = {
			isa = XCBuildConfiguration;
			buildSettings = {
				ALWAYS_SEARCH_USER_PATHS = NO;
				CLANG_ANALYZER_NONNULL = YES;
				CLANG_ANALYZER_NUMBER_OBJECT_CONVERSION = YES_AGGRESSIVE;
				CLANG_CXX_LANGUAGE_STANDARD = "gnu++14";
				CLANG_CXX_LIBRARY = "libc++";
				CLANG_ENABLE_MODULES = YES;
				CLANG_ENABLE_OBJC_ARC = YES;
				CLANG_ENABLE_OBJC_WEAK = YES;
				CLANG_WARN_BLOCK_CAPTURE_AUTORELEASING = YES;
				CLANG_WARN_BOOL_CONVERSION = YES;
				CLANG_WARN_COMMA = YES;
				CLANG_WARN_CONSTANT_CONVERSION = YES;
				CLANG_WARN_DEPRECATED_OBJC_IMPLEMENTATIONS = YES;
				CLANG_WARN_DIRECT_OBJC_ISA_USAGE = YES_ERROR;
				CLANG_WARN_DOCUMENTATION_COMMENTS = YES;
				CLANG_WARN_EMPTY_BODY = YES;
				CLANG_WARN_ENUM_CONVERSION = YES;
				CLANG_WARN_INFINITE_RECURSION = YES;
				CLANG_WARN_INT_CONVERSION = YES;
				CLANG_WARN_NON_LITERAL_NULL_CONVERSION = YES;
				CLANG_WARN_OBJC_IMPLICIT_RETAIN_SELF = YES;
				CLANG_WARN_OBJC_LITERAL_CONVERSION = YES;
				CLANG_WARN_OBJC_ROOT_CLASS = YES_ERROR;
				CLANG_WARN_RANGE_LOOP_ANALYSIS = YES;
				CLANG_WARN_STRICT_PROTOTYPES = YES;
				CLANG_WARN_SUSPICIOUS_MOVE = YES;
				CLANG_WARN_UNGUARDED_AVAILABILITY = YES_AGGRESSIVE;
				CLANG_WARN_UNREACHABLE_CODE = YES;
				CLANG_WARN__DUPLICATE_METHOD_MATCH = YES;
				CODE_SIGN_IDENTITY = "-";
				COPY_PHASE_STRIP = NO;
				DEBUG_INFORMATION_FORMAT = "dwarf-with-dsym";
				ENABLE_NS_ASSERTIONS = NO;
				ENABLE_STRICT_OBJC_MSGSEND = YES;
				GCC_C_LANGUAGE_STANDARD = gnu11;
				GCC_NO_COMMON_BLOCKS = YES;
				GCC_WARN_64_TO_32_BIT_CONVERSION = YES;
				GCC_WARN_ABOUT_RETURN_TYPE = YES_ERROR;
				GCC_WARN_UNDECLARED_SELECTOR = YES;
				GCC_WARN_UNINITIALIZED_AUTOS = YES_AGGRESSIVE;
				GCC_WARN_UNUSED_FUNCTION = YES;
				GCC_WARN_UNUSED_VARIABLE = YES;
				MACOSX_DEPLOYMENT_TARGET = 10.13;
				MTL_ENABLE_DEBUG_INFO = NO;
				MTL_FAST_MATH = YES;
				SDKROOT = macosx;
			};
			name = Release;
		};
		EE794475256D76D50046363E /* Debug */ = {
			isa = XCBuildConfiguration;
			buildSettings = {
				ASSETCATALOG_COMPILER_APPICON_NAME = AppIcon;
				CODE_SIGN_STYLE = Automatic;
				COMBINE_HIDPI_IMAGES = YES;
				INFOPLIST_FILE = gzvgaSpriteEd/Info.plist;
				LD_RUNPATH_SEARCH_PATHS = (
					"$(inherited)",
					"@executable_path/../Frameworks",
				);
				PRODUCT_BUNDLE_IDENTIFIER = com.digihaze.gzvgaSpriteEd;
				PRODUCT_NAME = "$(TARGET_NAME)";
			};
			name = Debug;
		};
		EE794476256D76D50046363E /* Release */ = {
			isa = XCBuildConfiguration;
			buildSettings = {
				ASSETCATALOG_COMPILER_APPICON_NAME = AppIcon;
				CODE_SIGN_STYLE = Automatic;
				COMBINE_HIDPI_IMAGES = YES;
				INFOPLIST_FILE = gzvgaSpriteEd/Info.plist;
				LD_RUNPATH_SEARCH_PATHS = (
					"$(inherited)",
					"@executable_path/../Frameworks",
				);
				PRODUCT_BUNDLE_IDENTIFIER = com.digihaze.gzvgaSpriteEd;
				PRODUCT_NAME = "$(TARGET_NAME)";
			};
			name = Release;
		};
/* End XCBuildConfiguration section */

/* Begin XCConfigurationList section */
		EE79445E256D76D30046363E /* Build configuration list for PBXProject "gzvgaSpriteEd" */ = {
			isa = XCConfigurationList;
			buildConfigurations = (
				EE794472256D76D50046363E /* Debug */,
				EE794473256D76D50046363E /* Release */,
			);
			defaultConfigurationIsVisible = 0;
			defaultConfigurationName = Release;
		};
		EE794474256D76D50046363E /* Build configuration list for PBXNativeTarget "gzvgaSpriteEd" */ = {
			isa = XCConfigurationList;
			buildConfigurations = (
				EE794475256D76D50046363E /* Debug */,
				EE794476256D76D50046363E /* Release */,
			);
			defaultConfigurationIsVisible = 0;
			defaultConfigurationName = Release;
		};
/* End XCConfigurationList section */
	};
	rootObject = EE79445B256D76D30046363E /* Project object */;
}
